
Microsoft Visual Studio Solution File, Format Version 12.00
# Visual Studio Version 17
VisualStudioVersion = 17.13.35913.81 d17.13
MinimumVisualStudioVersion = 10.0.40219.1
Project("{FAE04EC0-301F-11D3-BF4B-00C04F79EFBC}") = "ItemAPI", "ItemAPI\ItemAPI.csproj", "{6580E917-B027-4522-A3FC-8D09BA8CCFAA}"
EndProject
Global
	GlobalSection(SolutionConfigurationPlatforms) = preSolution
		Debug|Any CPU = Debug|Any CPU
		Release|Any CPU = Release|Any CPU
	EndGlobalSection
	GlobalSection(ProjectConfigurationPlatforms) = postSolution
		{6580E917-B027-4522-A3FC-8D09BA8CCFAA}.Debug|Any CPU.ActiveCfg = Debug|Any CPU
		{6580E917-B027-4522-A3FC-8D09BA8CCFAA}.Debug|Any CPU.Build.0 = Debug|Any CPU
		{6580E917-B027-4522-A3FC-8D09BA8CCFAA}.Release|Any CPU.ActiveCfg = Release|Any CPU
		{6580E917-B027-4522-A3FC-8D09BA8CCFAA}.Release|Any CPU.Build.0 = Release|Any CPU
	EndGlobalSection
	GlobalSection(SolutionProperties) = preSolution
		HideSolutionNode = FALSE
	EndGlobalSection
	GlobalSection(ExtensibilityGlobals) = postSolution
		SolutionGuid = {54D451C8-920A-43DB-9291-E9866D2FE0EE}
	EndGlobalSection
EndGlobal
